
Microsoft Visual Studio Solution File, Format Version 12.00
# Visual Studio 2013
VisualStudioVersion = 12.0.31101.0
MinimumVisualStudioVersion = 10.0.40219.1
Project("{FAE04EC0-301F-11D3-BF4B-00C04F79EFBC}") = "GetData", "GetData\GetData.csproj", "{E00575D0-194C-4C09-868C-B4827B25D0B2}"
EndProject
Global
	GlobalSection(CodealikeProperties) = postSolution
		SolutionGuid = a7b9f37a-7f5e-45f1-80da-e629f10578f4
	EndGlobalSection
	GlobalSection(SolutionConfigurationPlatforms) = preSolution
		Debug|Any CPU = Debug|Any CPU
		Release|Any CPU = Release|Any CPU
	EndGlobalSection
	GlobalSection(ProjectConfigurationPlatforms) = postSolution
		{E00575D0-194C-4C09-868C-B4827B25D0B2}.Debug|Any CPU.ActiveCfg = Debug|Any CPU
		{E00575D0-194C-4C09-868C-B4827B25D0B2}.Debug|Any CPU.Build.0 = Debug|Any CPU
		{E00575D0-194C-4C09-868C-B4827B25D0B2}.Release|Any CPU.ActiveCfg = Release|Any CPU
		{E00575D0-194C-4C09-868C-B4827B25D0B2}.Release|Any CPU.Build.0 = Release|Any CPU
	EndGlobalSection
	GlobalSection(SolutionProperties) = preSolution
		HideSolutionNode = FALSE
	EndGlobalSection
EndGlobal
